
Microsoft Visual Studio Solution File, Format Version 12.00
# Visual Studio 15
VisualStudioVersion = 15.0.28307.136
MinimumVisualStudioVersion = 10.0.40219.1
Project("{9A19103F-16F7-4668-BE54-9A1E7A4F7556}") = "GitHubCompanion.Core", "GitHubCompanion.Core\GitHubCompanion.Core.csproj", "{F7DAEC18-930E-4595-88F3-D5CBCB095814}"
EndProject
Project("{9A19103F-16F7-4668-BE54-9A1E7A4F7556}") = "GitHubCompanion.Services", "GitHubCompanion.Services\GitHubCompanion.Services.csproj", "{1EE68B7A-2611-4619-9729-BEBCAD3C3763}"
EndProject
Project("{9A19103F-16F7-4668-BE54-9A1E7A4F7556}") = "GitHubCompanion.Tests", "GitHubCompanion.Tests\GitHubCompanion.Tests.csproj", "{1DCDF4AE-8BB3-4A8C-A9E5-C88B3BEB170E}"
EndProject
Global
	GlobalSection(SolutionConfigurationPlatforms) = preSolution
		Debug|Any CPU = Debug|Any CPU
		Release|Any CPU = Release|Any CPU
	EndGlobalSection
	GlobalSection(ProjectConfigurationPlatforms) = postSolution
		{F7DAEC18-930E-4595-88F3-D5CBCB095814}.Debug|Any CPU.ActiveCfg = Debug|Any CPU
		{F7DAEC18-930E-4595-88F3-D5CBCB095814}.Debug|Any CPU.Build.0 = Debug|Any CPU
		{F7DAEC18-930E-4595-88F3-D5CBCB095814}.Release|Any CPU.ActiveCfg = Release|Any CPU
		{F7DAEC18-930E-4595-88F3-D5CBCB095814}.Release|Any CPU.Build.0 = Release|Any CPU
		{1EE68B7A-2611-4619-9729-BEBCAD3C3763}.Debug|Any CPU.ActiveCfg = Debug|Any CPU
		{1EE68B7A-2611-4619-9729-BEBCAD3C3763}.Debug|Any CPU.Build.0 = Debug|Any CPU
		{1EE68B7A-2611-4619-9729-BEBCAD3C3763}.Release|Any CPU.ActiveCfg = Release|Any CPU
		{1EE68B7A-2611-4619-9729-BEBCAD3C3763}.Release|Any CPU.Build.0 = Release|Any CPU
		{1DCDF4AE-8BB3-4A8C-A9E5-C88B3BEB170E}.Debug|Any CPU.ActiveCfg = Debug|Any CPU
		{1DCDF4AE-8BB3-4A8C-A9E5-C88B3BEB170E}.Debug|Any CPU.Build.0 = Debug|Any CPU
		{1DCDF4AE-8BB3-4A8C-A9E5-C88B3BEB170E}.Release|Any CPU.ActiveCfg = Release|Any CPU
		{1DCDF4AE-8BB3-4A8C-A9E5-C88B3BEB170E}.Release|Any CPU.Build.0 = Release|Any CPU
	EndGlobalSection
	GlobalSection(SolutionProperties) = preSolution
		HideSolutionNode = FALSE
	EndGlobalSection
	GlobalSection(ExtensibilityGlobals) = postSolution
		SolutionGuid = {A7CB9C19-CFB5-454E-ABA7-BAF370960A3F}
	EndGlobalSection
EndGlobal
